
Microsoft Visual Studio Solution File, Format Version 12.00
# Visual Studio Version 16
VisualStudioVersion = 16.0.29519.87
MinimumVisualStudioVersion = 10.0.40219.1
Project("{FAE04EC0-301F-11D3-BF4B-00C04F79EFBC}") = "dotnet5780_03_9500_2956", "dotnet5780_03_9500_2956\dotnet5780_03_9500_2956.csproj", "{F550D5BC-263E-4E8B-884E-CBA987090976}"
EndProject
Global
	GlobalSection(SolutionConfigurationPlatforms) = preSolution
		Debug|Any CPU = Debug|Any CPU
		Release|Any CPU = Release|Any CPU
	EndGlobalSection
	GlobalSection(ProjectConfigurationPlatforms) = postSolution
		{F550D5BC-263E-4E8B-884E-CBA987090976}.Debug|Any CPU.ActiveCfg = Debug|Any CPU
		{F550D5BC-263E-4E8B-884E-CBA987090976}.Debug|Any CPU.Build.0 = Debug|Any CPU
		{F550D5BC-263E-4E8B-884E-CBA987090976}.Release|Any CPU.ActiveCfg = Release|Any CPU
		{F550D5BC-263E-4E8B-884E-CBA987090976}.Release|Any CPU.Build.0 = Release|Any CPU
	EndGlobalSection
	GlobalSection(SolutionProperties) = preSolution
		HideSolutionNode = FALSE
	EndGlobalSection
	GlobalSection(ExtensibilityGlobals) = postSolution
		SolutionGuid = {C915F0C5-D474-4C53-B594-18877493628C}
	EndGlobalSection
EndGlobal
